
Microsoft Visual Studio Solution File, Format Version 12.00
# Visual Studio Version 17
VisualStudioVersion = 17.13.35806.99 d17.13
MinimumVisualStudioVersion = 10.0.40219.1
Project("{FAE04EC0-301F-11D3-BF4B-00C04F79EFBC}") = "AvaloniaApplication7", "AvaloniaApplication7\AvaloniaApplication7.csproj", "{EE64732D-595E-4CBD-B11F-263E170186C0}"
EndProject
Global
	GlobalSection(SolutionConfigurationPlatforms) = preSolution
		Debug|Any CPU = Debug|Any CPU
		Release|Any CPU = Release|Any CPU
	EndGlobalSection
	GlobalSection(ProjectConfigurationPlatforms) = postSolution
		{EE64732D-595E-4CBD-B11F-263E170186C0}.Debug|Any CPU.ActiveCfg = Debug|Any CPU
		{EE64732D-595E-4CBD-B11F-263E170186C0}.Debug|Any CPU.Build.0 = Debug|Any CPU
		{EE64732D-595E-4CBD-B11F-263E170186C0}.Release|Any CPU.ActiveCfg = Release|Any CPU
		{EE64732D-595E-4CBD-B11F-263E170186C0}.Release|Any CPU.Build.0 = Release|Any CPU
	EndGlobalSection
	GlobalSection(SolutionProperties) = preSolution
		HideSolutionNode = FALSE
	EndGlobalSection
	GlobalSection(ExtensibilityGlobals) = postSolution
		SolutionGuid = {6B675764-E517-4514-9535-D4F05E6CB31B}
	EndGlobalSection
EndGlobal
